{
  "name": "cursor06",
  "lockfileVersion": 3,
  "requires": true,
  "packages": {
    "": {
      "dependencies": {
        "@angular/common": "^19.2.1",
        "@angular/core": "^19.2.1",
        "@angular/forms": "^19.2.1",
        "novo-elements": "^10.12.0",
        "rxjs": "^7.8.2"
      }
    },
    "node_modules/@angular/common": {
      "version": "19.2.1",
      "resolved": "https://registry.npmmirror.com/@angular/common/-/common-19.2.1.tgz",
      "integrity": "sha512-k+ikxn6SlWXxXEtwRmsYZeknf3a6n3Oicde6zTLBrD/Rie/u0+okuoQcuYjntQWGgH//QBQxH4UQpvRw51AR8w==",
      "dependencies": {
        "tslib": "^2.3.0"
      },
      "engines": {
        "node": "^18.19.1 || ^20.11.1 || >=22.0.0"
      },
      "peerDependencies": {
        "@angular/core": "19.2.1",
        "rxjs": "^6.5.3 || ^7.4.0"
      }
    },
    "node_modules/@angular/core": {
      "version": "19.2.1",
      "resolved": "https://registry.npmmirror.com/@angular/core/-/core-19.2.1.tgz",
      "integrity": "sha512-gwdytbZSM9m5v9PhRsvh6Q13vI1Ydcx52QGs93bpWx5ACOGYGp/Y7zc2mcZb1aUM63zGBTpS9Qw9bEsPHeLZPA==",
      "dependencies": {
        "tslib": "^2.3.0"
      },
      "engines": {
        "node": "^18.19.1 || ^20.11.1 || >=22.0.0"
      },
      "peerDependencies": {
        "rxjs": "^6.5.3 || ^7.4.0",
        "zone.js": "~0.15.0"
      }
    },
    "node_modules/@angular/forms": {
      "version": "19.2.1",
      "resolved": "https://registry.npmmirror.com/@angular/forms/-/forms-19.2.1.tgz",
      "integrity": "sha512-a+ifgpX5ie2KgTNI9m8tJWS+ym51u3LZ8Kd67dXX7+CbYe9RzdIgVtuXcTklrP1fmmhfKnQVNmsUqpAYAjrByg==",
      "dependencies": {
        "tslib": "^2.3.0"
      },
      "engines": {
        "node": "^18.19.1 || ^20.11.1 || >=22.0.0"
      },
      "peerDependencies": {
        "@angular/common": "19.2.1",
        "@angular/core": "19.2.1",
        "@angular/platform-browser": "19.2.1",
        "rxjs": "^6.5.3 || ^7.4.0"
      }
    },
    "node_modules/novo-elements": {
      "version": "10.12.0",
      "resolved": "https://registry.npmmirror.com/novo-elements/-/novo-elements-10.12.0.tgz",
      "integrity": "sha512-WqNMFBj3pOMewARP4nbkmdYBO3T55ezUTT/KDmgvPWCAzOOVJSPOuOoRmesXu80+gBM19E2lH/MkIaCz8lbOkw==",
      "dependencies": {
        "tslib": "^2.0.0"
      },
      "peerDependencies": {
        "@angular/animations": ">=10",
        "@angular/cdk": ">=10",
        "@angular/common": ">=10",
        "@angular/core": ">=10",
        "@angular/forms": ">=10",
        "@codemirror/commands": "^6.2.4",
        "@codemirror/lang-javascript": "^6.1.9",
        "@codemirror/state": "^6.2.1",
        "@codemirror/view": "^6.16.0",
        "angular-imask": "^7.3.0",
        "brace": "^0.11.0",
        "classlist.js": "^1.1.20150312",
        "codemirror": "6.0.1",
        "date-fns": ">=2",
        "novo-design-tokens": "^0.0.9",
        "post-robot": "^8.0.0",
        "rxjs": ">=7",
        "timezone-support": "^3.1.0"
      }
    },
    "node_modules/rxjs": {
      "version": "7.8.2",
      "resolved": "https://registry.npmmirror.com/rxjs/-/rxjs-7.8.2.tgz",
      "integrity": "sha512-dhKf903U/PQZY6boNNtAGdWbG85WAbjT/1xYoZIC7FAY0yWapOBQVsVrDl58W86//e1VpMNBtRV4MaXfdMySFA==",
      "dependencies": {
        "tslib": "^2.1.0"
      }
    },
    "node_modules/tslib": {
      "version": "2.8.1",
      "resolved": "https://registry.npmmirror.com/tslib/-/tslib-2.8.1.tgz",
      "integrity": "sha512-oJFu94HQb+KVduSUQL7wnpmqnfmLsOA/nAh6b6EH0wCEoK0/mPeXU6c3wKDV83MkOuHPRHtSXKKU99IBazS/2w=="
    }
  }
}
